
Microsoft Visual Studio Solution File, Format Version 12.00
# Visual Studio Version 16
VisualStudioVersion = 16.0.29728.190
MinimumVisualStudioVersion = 10.0.40219.1
Project("{8BC9CEB8-8B4A-11D0-8D11-00A0C91BC942}") = "Лаба 2 АОКГ", "Лаба 2 АОКГ.vcxproj", "{80D48843-3C48-4CAA-955E-B1C2CB5CE21B}"
EndProject
Global
	GlobalSection(SolutionConfigurationPlatforms) = preSolution
		Debug|x64 = Debug|x64
		Debug|x86 = Debug|x86
		Release|x64 = Release|x64
		Release|x86 = Release|x86
	EndGlobalSection
	GlobalSection(ProjectConfigurationPlatforms) = postSolution
		{80D48843-3C48-4CAA-955E-B1C2CB5CE21B}.Debug|x64.ActiveCfg = Debug|x64
		{80D48843-3C48-4CAA-955E-B1C2CB5CE21B}.Debug|x64.Build.0 = Debug|x64
		{80D48843-3C48-4CAA-955E-B1C2CB5CE21B}.Debug|x86.ActiveCfg = Debug|Win32
		{80D48843-3C48-4CAA-955E-B1C2CB5CE21B}.Debug|x86.Build.0 = Debug|Win32
		{80D48843-3C48-4CAA-955E-B1C2CB5CE21B}.Release|x64.ActiveCfg = Release|x64
		{80D48843-3C48-4CAA-955E-B1C2CB5CE21B}.Release|x64.Build.0 = Release|x64
		{80D48843-3C48-4CAA-955E-B1C2CB5CE21B}.Release|x86.ActiveCfg = Release|Win32
		{80D48843-3C48-4CAA-955E-B1C2CB5CE21B}.Release|x86.Build.0 = Release|Win32
	EndGlobalSection
	GlobalSection(SolutionProperties) = preSolution
		HideSolutionNode = FALSE
	EndGlobalSection
	GlobalSection(ExtensibilityGlobals) = postSolution
		SolutionGuid = {33E1ADE8-D25E-4C22-B6A0-75C31FE949B0}
	EndGlobalSection
EndGlobal
